// !$*UTF8*$!
{
	archiveVersion = 1;
	classes = {
	};
	objectVersion = 77;
	objects = {

/* Begin PBXBuildFile section */
		2A2F7E072DCA4C700035B532 /* FirebaseAuth in Frameworks */ = {isa = PBXBuildFile; productRef = 2A2F7E062DCA4C700035B532 /* FirebaseAuth */; };
		2A2F7E092DCA4CBE0035B532 /* FirebaseFirestore in Frameworks */ = {isa = PBXBuildFile; productRef = 2A2F7E082DCA4CBE0035B532 /* FirebaseFirestore */; };
		2A2F7E172DCA5B220035B532 /* FirebaseMessaging in Frameworks */ = {isa = PBXBuildFile; productRef = 2A2F7E162DCA5B220035B532 /* FirebaseMessaging */; };
		2A8232862DA0BCF000D759FB /* PlayfairDisplay-Italic-VariableFont_wght.ttf in Resources */ = {isa = PBXBuildFile; fileRef = 2A8232842DA0BCF000D759FB /* PlayfairDisplay-Italic-VariableFont_wght.ttf */; };
		2A8232872DA0BCF000D759FB /* PlayfairDisplay-VariableFont_wght.ttf in Resources */ = {isa = PBXBuildFile; fileRef = 2A8232852DA0BCF000D759FB /* PlayfairDisplay-VariableFont_wght.ttf */; };
		2A953FAC2DD57E720084047E /* SplunkOtel in Frameworks */ = {isa = PBXBuildFile; productRef = 2A953FAB2DD57E720084047E /* SplunkOtel */; };
		2A953FAF2DD580B00084047E /* SplunkOtelCrashReporting in Frameworks */ = {isa = PBXBuildFile; productRef = 2A953FAE2DD580B00084047E /* SplunkOtelCrashReporting */; };
/* End PBXBuildFile section */

/* Begin PBXContainerItemProxy section */
		2A8092FE2D98828000EED088 /* PBXContainerItemProxy */ = {
			isa = PBXContainerItemProxy;
			containerPortal = 2A8092E52D98827F00EED088 /* Project object */;
			proxyType = 1;
			remoteGlobalIDString = 2A8092EC2D98827F00EED088;
			remoteInfo = Achilles;
		};
		2A8093082D98828000EED088 /* PBXContainerItemProxy */ = {
			isa = PBXContainerItemProxy;
			containerPortal = 2A8092E52D98827F00EED088 /* Project object */;
			proxyType = 1;
			remoteGlobalIDString = 2A8092EC2D98827F00EED088;
			remoteInfo = Achilles;
		};
/* End PBXContainerItemProxy section */

/* Begin PBXCopyFilesBuildPhase section */
		2AEE438F2DA013B900EA2836 /* Embed Foundation Extensions */ = {
			isa = PBXCopyFilesBuildPhase;
			buildActionMask = 2147483647;
			dstPath = "";
			dstSubfolderSpec = 13;
			files = (
			);
			name = "Embed Foundation Extensions";
			runOnlyForDeploymentPostprocessing = 0;
		};
/* End PBXCopyFilesBuildPhase section */

/* Begin PBXFileReference section */
		2A8092ED2D98827F00EED088 /* Achilles.app */ = {isa = PBXFileReference; explicitFileType = wrapper.application; includeInIndex = 0; path = Achilles.app; sourceTree = BUILT_PRODUCTS_DIR; };
		2A8092FD2D98828000EED088 /* AchillesTests.xctest */ = {isa = PBXFileReference; explicitFileType = wrapper.cfbundle; includeInIndex = 0; path = AchillesTests.xctest; sourceTree = BUILT_PRODUCTS_DIR; };
		2A8093072D98828000EED088 /* AchillesUITests.xctest */ = {isa = PBXFileReference; explicitFileType = wrapper.cfbundle; includeInIndex = 0; path = AchillesUITests.xctest; sourceTree = BUILT_PRODUCTS_DIR; };
		2A8232842DA0BCF000D759FB /* PlayfairDisplay-Italic-VariableFont_wght.ttf */ = {isa = PBXFileReference; lastKnownFileType = file; path = "PlayfairDisplay-Italic-VariableFont_wght.ttf"; sourceTree = "<group>"; };
		2A8232852DA0BCF000D759FB /* PlayfairDisplay-VariableFont_wght.ttf */ = {isa = PBXFileReference; lastKnownFileType = file; path = "PlayfairDisplay-VariableFont_wght.ttf"; sourceTree = "<group>"; };
		2AEE43762DA013B800EA2836 /* WidgetKit.framework */ = {isa = PBXFileReference; lastKnownFileType = wrapper.framework; name = WidgetKit.framework; path = System/Library/Frameworks/WidgetKit.framework; sourceTree = SDKROOT; };
		2AEE43782DA013B800EA2836 /* SwiftUI.framework */ = {isa = PBXFileReference; lastKnownFileType = wrapper.framework; name = SwiftUI.framework; path = System/Library/Frameworks/SwiftUI.framework; sourceTree = SDKROOT; };
/* End PBXFileReference section */

/* Begin PBXFileSystemSynchronizedBuildFileExceptionSet section */
		2A2727E02DCE44E500036656 /* Exceptions for "Achilles" folder in "AchillesTests" target */ = {
			isa = PBXFileSystemSynchronizedBuildFileExceptionSet;
			membershipExceptions = (
				Tests/AchillesTests/AchillesTests.swift,
			);
			target = 2A8092FC2D98828000EED088 /* AchillesTests */;
		};
		2A2727E62DCE44EA00036656 /* Exceptions for "Achilles" folder in "AchillesUITests" target */ = {
			isa = PBXFileSystemSynchronizedBuildFileExceptionSet;
			membershipExceptions = (
				Tests/AchillesUITests/AchillesUITests.swift,
				Tests/AchillesUITests/AchillesUITestsLaunchTests.swift,
			);
			target = 2A8093062D98828000EED088 /* AchillesUITests */;
		};
		2A80932B2D98CC7000EED088 /* Exceptions for "Achilles" folder in "Achilles" target */ = {
			isa = PBXFileSystemSynchronizedBuildFileExceptionSet;
			membershipExceptions = (
				Info.plist,
				Tests/AchillesTests/AchillesTests.swift,
				Tests/AchillesUITests/AchillesUITests.swift,
				Tests/AchillesUITests/AchillesUITestsLaunchTests.swift,
			);
			target = 2A8092EC2D98827F00EED088 /* Achilles */;
		};
/* End PBXFileSystemSynchronizedBuildFileExceptionSet section */

/* Begin PBXFileSystemSynchronizedRootGroup section */
		2A8092EF2D98827F00EED088 /* Achilles */ = {
			isa = PBXFileSystemSynchronizedRootGroup;
			exceptions = (
				2A80932B2D98CC7000EED088 /* Exceptions for "Achilles" folder in "Achilles" target */,
				2A2727E02DCE44E500036656 /* Exceptions for "Achilles" folder in "AchillesTests" target */,
				2A2727E62DCE44EA00036656 /* Exceptions for "Achilles" folder in "AchillesUITests" target */,
			);
			path = Achilles;
			sourceTree = "<group>";
		};
/* End PBXFileSystemSynchronizedRootGroup section */

/* Begin PBXFrameworksBuildPhase section */
		2A8092EA2D98827F00EED088 /* Frameworks */ = {
			isa = PBXFrameworksBuildPhase;
			buildActionMask = 2147483647;
			files = (
				2A2F7E172DCA5B220035B532 /* FirebaseMessaging in Frameworks */,
				2A2F7E072DCA4C700035B532 /* FirebaseAuth in Frameworks */,
				2A953FAF2DD580B00084047E /* SplunkOtelCrashReporting in Frameworks */,
				2A2F7E092DCA4CBE0035B532 /* FirebaseFirestore in Frameworks */,
				2A953FAC2DD57E720084047E /* SplunkOtel in Frameworks */,
			);
			runOnlyForDeploymentPostprocessing = 0;
		};
		2A8092FA2D98828000EED088 /* Frameworks */ = {
			isa = PBXFrameworksBuildPhase;
			buildActionMask = 2147483647;
			files = (
			);
			runOnlyForDeploymentPostprocessing = 0;
		};
		2A8093042D98828000EED088 /* Frameworks */ = {
			isa = PBXFrameworksBuildPhase;
			buildActionMask = 2147483647;
			files = (
			);
			runOnlyForDeploymentPostprocessing = 0;
		};
/* End PBXFrameworksBuildPhase section */

/* Begin PBXGroup section */
		2A8092E42D98827F00EED088 = {
			isa = PBXGroup;
			children = (
				2A8232842DA0BCF000D759FB /* PlayfairDisplay-Italic-VariableFont_wght.ttf */,
				2A8232852DA0BCF000D759FB /* PlayfairDisplay-VariableFont_wght.ttf */,
				2A8092EF2D98827F00EED088 /* Achilles */,
				2AEE43752DA013B800EA2836 /* Frameworks */,
				2A8092EE2D98827F00EED088 /* Products */,
			);
			sourceTree = "<group>";
		};
		2A8092EE2D98827F00EED088 /* Products */ = {
			isa = PBXGroup;
			children = (
				2A8092ED2D98827F00EED088 /* Achilles.app */,
				2A8092FD2D98828000EED088 /* AchillesTests.xctest */,
				2A8093072D98828000EED088 /* AchillesUITests.xctest */,
			);
			name = Products;
			sourceTree = "<group>";
		};
		2AEE43752DA013B800EA2836 /* Frameworks */ = {
			isa = PBXGroup;
			children = (
				2AEE43762DA013B800EA2836 /* WidgetKit.framework */,
				2AEE43782DA013B800EA2836 /* SwiftUI.framework */,
			);
			name = Frameworks;
			sourceTree = "<group>";
		};
/* End PBXGroup section */

/* Begin PBXNativeTarget section */
		2A8092EC2D98827F00EED088 /* Achilles */ = {
			isa = PBXNativeTarget;
			buildConfigurationList = 2A8093112D98828000EED088 /* Build configuration list for PBXNativeTarget "Achilles" */;
			buildPhases = (
				2A8092E92D98827F00EED088 /* Sources */,
				2A8092EA2D98827F00EED088 /* Frameworks */,
				2A8092EB2D98827F00EED088 /* Resources */,
				2AEE438F2DA013B900EA2836 /* Embed Foundation Extensions */,
			);
			buildRules = (
			);
			dependencies = (
			);
			fileSystemSynchronizedGroups = (
				2A8092EF2D98827F00EED088 /* Achilles */,
			);
			name = Achilles;
			packageProductDependencies = (
				2A2F7E062DCA4C700035B532 /* FirebaseAuth */,
				2A2F7E082DCA4CBE0035B532 /* FirebaseFirestore */,
				2A2F7E162DCA5B220035B532 /* FirebaseMessaging */,
				2A953FAB2DD57E720084047E /* SplunkOtel */,
				2A953FAE2DD580B00084047E /* SplunkOtelCrashReporting */,
			);
			productName = Achilles;
			productReference = 2A8092ED2D98827F00EED088 /* Achilles.app */;
			productType = "com.apple.product-type.application";
		};
		2A8092FC2D98828000EED088 /* AchillesTests */ = {
			isa = PBXNativeTarget;
			buildConfigurationList = 2A8093142D98828000EED088 /* Build configuration list for PBXNativeTarget "AchillesTests" */;
			buildPhases = (
				2A8092F92D98828000EED088 /* Sources */,
				2A8092FA2D98828000EED088 /* Frameworks */,
				2A8092FB2D98828000EED088 /* Resources */,
			);
			buildRules = (
			);
			dependencies = (
				2A8092FF2D98828000EED088 /* PBXTargetDependency */,
			);
			name = AchillesTests;
			packageProductDependencies = (
			);
			productName = AchillesTests;
			productReference = 2A8092FD2D98828000EED088 /* AchillesTests.xctest */;
			productType = "com.apple.product-type.bundle.unit-test";
		};
		2A8093062D98828000EED088 /* AchillesUITests */ = {
			isa = PBXNativeTarget;
			buildConfigurationList = 2A8093172D98828000EED088 /* Build configuration list for PBXNativeTarget "AchillesUITests" */;
			buildPhases = (
				2A8093032D98828000EED088 /* Sources */,
				2A8093042D98828000EED088 /* Frameworks */,
				2A8093052D98828000EED088 /* Resources */,
			);
			buildRules = (
			);
			dependencies = (
				2A8093092D98828000EED088 /* PBXTargetDependency */,
			);
			name = AchillesUITests;
			packageProductDependencies = (
			);
			productName = AchillesUITests;
			productReference = 2A8093072D98828000EED088 /* AchillesUITests.xctest */;
			productType = "com.apple.product-type.bundle.ui-testing";
		};
/* End PBXNativeTarget section */

/* Begin PBXProject section */
		2A8092E52D98827F00EED088 /* Project object */ = {
			isa = PBXProject;
			attributes = {
				BuildIndependentTargetsInParallel = 1;
				LastSwiftUpdateCheck = 1620;
				LastUpgradeCheck = 1620;
				TargetAttributes = {
					2A8092EC2D98827F00EED088 = {
						CreatedOnToolsVersion = 16.2;
					};
					2A8092FC2D98828000EED088 = {
						CreatedOnToolsVersion = 16.2;
						TestTargetID = 2A8092EC2D98827F00EED088;
					};
					2A8093062D98828000EED088 = {
						CreatedOnToolsVersion = 16.2;
						TestTargetID = 2A8092EC2D98827F00EED088;
					};
				};
			};
			buildConfigurationList = 2A8092E82D98827F00EED088 /* Build configuration list for PBXProject "Achilles" */;
			developmentRegion = en;
			hasScannedForEncodings = 0;
			knownRegions = (
				en,
				Base,
			);
			mainGroup = 2A8092E42D98827F00EED088;
			minimizedProjectReferenceProxies = 1;
			packageReferences = (
				2A2F7E052DCA4C700035B532 /* XCRemoteSwiftPackageReference "firebase-ios-sdk" */,
				2A953FAA2DD57E720084047E /* XCRemoteSwiftPackageReference "splunk-otel-ios" */,
				2A953FAD2DD580B00084047E /* XCRemoteSwiftPackageReference "splunk-otel-ios-crashreporting" */,
			);
			preferredProjectObjectVersion = 77;
			productRefGroup = 2A8092EE2D98827F00EED088 /* Products */;
			projectDirPath = "";
			projectRoot = "";
			targets = (
				2A8092EC2D98827F00EED088 /* Achilles */,
				2A8092FC2D98828000EED088 /* AchillesTests */,
				2A8093062D98828000EED088 /* AchillesUITests */,
			);
		};
/* End PBXProject section */

/* Begin PBXResourcesBuildPhase section */
		2A8092EB2D98827F00EED088 /* Resources */ = {
			isa = PBXResourcesBuildPhase;
			buildActionMask = 2147483647;
			files = (
				2A8232862DA0BCF000D759FB /* PlayfairDisplay-Italic-VariableFont_wght.ttf in Resources */,
				2A8232872DA0BCF000D759FB /* PlayfairDisplay-VariableFont_wght.ttf in Resources */,
			);
			runOnlyForDeploymentPostprocessing = 0;
		};
		2A8092FB2D98828000EED088 /* Resources */ = {
			isa = PBXResourcesBuildPhase;
			buildActionMask = 2147483647;
			files = (
			);
			runOnlyForDeploymentPostprocessing = 0;
		};
		2A8093052D98828000EED088 /* Resources */ = {
			isa = PBXResourcesBuildPhase;
			buildActionMask = 2147483647;
			files = (
			);
			runOnlyForDeploymentPostprocessing = 0;
		};
/* End PBXResourcesBuildPhase section */

/* Begin PBXSourcesBuildPhase section */
		2A8092E92D98827F00EED088 /* Sources */ = {
			isa = PBXSourcesBuildPhase;
			buildActionMask = 2147483647;
			files = (
			);
			runOnlyForDeploymentPostprocessing = 0;
		};
		2A8092F92D98828000EED088 /* Sources */ = {
			isa = PBXSourcesBuildPhase;
			buildActionMask = 2147483647;
			files = (
			);
			runOnlyForDeploymentPostprocessing = 0;
		};
		2A8093032D98828000EED088 /* Sources */ = {
			isa = PBXSourcesBuildPhase;
			buildActionMask = 2147483647;
			files = (
			);
			runOnlyForDeploymentPostprocessing = 0;
		};
/* End PBXSourcesBuildPhase section */

/* Begin PBXTargetDependency section */
		2A8092FF2D98828000EED088 /* PBXTargetDependency */ = {
			isa = PBXTargetDependency;
			target = 2A8092EC2D98827F00EED088 /* Achilles */;
			targetProxy = 2A8092FE2D98828000EED088 /* PBXContainerItemProxy */;
		};
		2A8093092D98828000EED088 /* PBXTargetDependency */ = {
			isa = PBXTargetDependency;
			target = 2A8092EC2D98827F00EED088 /* Achilles */;
			targetProxy = 2A8093082D98828000EED088 /* PBXContainerItemProxy */;
		};
/* End PBXTargetDependency section */

/* Begin XCBuildConfiguration section */
		2A80930F2D98828000EED088 /* Debug */ = {
			isa = XCBuildConfiguration;
			buildSettings = {
				ALWAYS_SEARCH_USER_PATHS = NO;
				ASSETCATALOG_COMPILER_GENERATE_SWIFT_ASSET_SYMBOL_EXTENSIONS = YES;
				CLANG_ANALYZER_NONNULL = YES;
				CLANG_ANALYZER_NUMBER_OBJECT_CONVERSION = YES_AGGRESSIVE;
				CLANG_CXX_LANGUAGE_STANDARD = "gnu++20";
				CLANG_ENABLE_MODULES = YES;
				CLANG_ENABLE_OBJC_ARC = YES;
				CLANG_ENABLE_OBJC_WEAK = YES;
				CLANG_WARN_BLOCK_CAPTURE_AUTORELEASING = YES;
				CLANG_WARN_BOOL_CONVERSION = YES;
				CLANG_WARN_COMMA = YES;
				CLANG_WARN_CONSTANT_CONVERSION = YES;
				CLANG_WARN_DEPRECATED_OBJC_IMPLEMENTATIONS = YES;
				CLANG_WARN_DIRECT_OBJC_ISA_USAGE = YES_ERROR;
				CLANG_WARN_DOCUMENTATION_COMMENTS = YES;
				CLANG_WARN_EMPTY_BODY = YES;
				CLANG_WARN_ENUM_CONVERSION = YES;
				CLANG_WARN_INFINITE_RECURSION = YES;
				CLANG_WARN_INT_CONVERSION = YES;
				CLANG_WARN_NON_LITERAL_NULL_CONVERSION = YES;
				CLANG_WARN_OBJC_IMPLICIT_RETAIN_SELF = YES;
				CLANG_WARN_OBJC_LITERAL_CONVERSION = YES;
				CLANG_WARN_OBJC_ROOT_CLASS = YES_ERROR;
				CLANG_WARN_QUOTED_INCLUDE_IN_FRAMEWORK_HEADER = YES;
				CLANG_WARN_RANGE_LOOP_ANALYSIS = YES;
				CLANG_WARN_STRICT_PROTOTYPES = YES;
				CLANG_WARN_SUSPICIOUS_MOVE = YES;
				CLANG_WARN_UNGUARDED_AVAILABILITY = YES_AGGRESSIVE;
				CLANG_WARN_UNREACHABLE_CODE = YES;
				CLANG_WARN__DUPLICATE_METHOD_MATCH = YES;
				COPY_PHASE_STRIP = NO;
				DEBUG_INFORMATION_FORMAT = dwarf;
				ENABLE_STRICT_OBJC_MSGSEND = YES;
				ENABLE_TESTABILITY = YES;
				ENABLE_USER_SCRIPT_SANDBOXING = YES;
				GCC_C_LANGUAGE_STANDARD = gnu17;
				GCC_DYNAMIC_NO_PIC = NO;
				GCC_NO_COMMON_BLOCKS = YES;
				GCC_OPTIMIZATION_LEVEL = 0;
				GCC_PREPROCESSOR_DEFINITIONS = (
					"DEBUG=1",
					"$(inherited)",
				);
				GCC_WARN_64_TO_32_BIT_CONVERSION = YES;
				GCC_WARN_ABOUT_RETURN_TYPE = YES_ERROR;
				GCC_WARN_UNDECLARED_SELECTOR = YES;
				GCC_WARN_UNINITIALIZED_AUTOS = YES_AGGRESSIVE;
				GCC_WARN_UNUSED_FUNCTION = YES;
				GCC_WARN_UNUSED_VARIABLE = YES;
				IPHONEOS_DEPLOYMENT_TARGET = 18.2;
				LOCALIZATION_PREFERS_STRING_CATALOGS = YES;
				MTL_ENABLE_DEBUG_INFO = INCLUDE_SOURCE;
				MTL_FAST_MATH = YES;
				ONLY_ACTIVE_ARCH = YES;
				SDKROOT = iphoneos;
				SWIFT_ACTIVE_COMPILATION_CONDITIONS = "DEBUG $(inherited)";
				SWIFT_OPTIMIZATION_LEVEL = "-Onone";
			};
			name = Debug;
		};
		2A8093102D98828000EED088 /* Release */ = {
			isa = XCBuildConfiguration;
			buildSettings = {
				ALWAYS_SEARCH_USER_PATHS = NO;
				ASSETCATALOG_COMPILER_GENERATE_SWIFT_ASSET_SYMBOL_EXTENSIONS = YES;
				CLANG_ANALYZER_NONNULL = YES;
				CLANG_ANALYZER_NUMBER_OBJECT_CONVERSION = YES_AGGRESSIVE;
				CLANG_CXX_LANGUAGE_STANDARD = "gnu++20";
				CLANG_ENABLE_MODULES = YES;
				CLANG_ENABLE_OBJC_ARC = YES;
				CLANG_ENABLE_OBJC_WEAK = YES;
				CLANG_WARN_BLOCK_CAPTURE_AUTORELEASING = YES;
				CLANG_WARN_BOOL_CONVERSION = YES;
				CLANG_WARN_COMMA = YES;
				CLANG_WARN_CONSTANT_CONVERSION = YES;
				CLANG_WARN_DEPRECATED_OBJC_IMPLEMENTATIONS = YES;
				CLANG_WARN_DIRECT_OBJC_ISA_USAGE = YES_ERROR;
				CLANG_WARN_DOCUMENTATION_COMMENTS = YES;
				CLANG_WARN_EMPTY_BODY = YES;
				CLANG_WARN_ENUM_CONVERSION = YES;
				CLANG_WARN_INFINITE_RECURSION = YES;
				CLANG_WARN_INT_CONVERSION = YES;
				CLANG_WARN_NON_LITERAL_NULL_CONVERSION = YES;
				CLANG_WARN_OBJC_IMPLICIT_RETAIN_SELF = YES;
				CLANG_WARN_OBJC_LITERAL_CONVERSION = YES;
				CLANG_WARN_OBJC_ROOT_CLASS = YES_ERROR;
				CLANG_WARN_QUOTED_INCLUDE_IN_FRAMEWORK_HEADER = YES;
				CLANG_WARN_RANGE_LOOP_ANALYSIS = YES;
				CLANG_WARN_STRICT_PROTOTYPES = YES;
				CLANG_WARN_SUSPICIOUS_MOVE = YES;
				CLANG_WARN_UNGUARDED_AVAILABILITY = YES_AGGRESSIVE;
				CLANG_WARN_UNREACHABLE_CODE = YES;
				CLANG_WARN__DUPLICATE_METHOD_MATCH = YES;
				COPY_PHASE_STRIP = NO;
				DEBUG_INFORMATION_FORMAT = "dwarf-with-dsym";
				ENABLE_NS_ASSERTIONS = NO;
				ENABLE_STRICT_OBJC_MSGSEND = YES;
				ENABLE_USER_SCRIPT_SANDBOXING = YES;
				GCC_C_LANGUAGE_STANDARD = gnu17;
				GCC_NO_COMMON_BLOCKS = YES;
				GCC_WARN_64_TO_32_BIT_CONVERSION = YES;
				GCC_WARN_ABOUT_RETURN_TYPE = YES_ERROR;
				GCC_WARN_UNDECLARED_SELECTOR = YES;
				GCC_WARN_UNINITIALIZED_AUTOS = YES_AGGRESSIVE;
				GCC_WARN_UNUSED_FUNCTION = YES;
				GCC_WARN_UNUSED_VARIABLE = YES;
				IPHONEOS_DEPLOYMENT_TARGET = 18.2;
				LOCALIZATION_PREFERS_STRING_CATALOGS = YES;
				MTL_ENABLE_DEBUG_INFO = NO;
				MTL_FAST_MATH = YES;
				SDKROOT = iphoneos;
				SWIFT_COMPILATION_MODE = wholemodule;
				VALIDATE_PRODUCT = YES;
			};
			name = Release;
		};
		2A8093122D98828000EED088 /* Debug */ = {
			isa = XCBuildConfiguration;
			buildSettings = {
				ASSETCATALOG_COMPILER_APPICON_NAME = AppIcon;
				ASSETCATALOG_COMPILER_GLOBAL_ACCENT_COLOR_NAME = AccentColor;
				CODE_SIGN_ENTITLEMENTS = Achilles/Achilles.entitlements;
				CODE_SIGN_STYLE = Automatic;
				CURRENT_PROJECT_VERSION = 12;
				DEBUG_INFORMATION_FORMAT = "dwarf-with-dsym";
				DEVELOPMENT_ASSET_PATHS = "\"Achilles/Preview Content\"";
				DEVELOPMENT_TEAM = 6QNXZ3RS35;
				ENABLE_PREVIEWS = YES;
				GENERATE_INFOPLIST_FILE = YES;
				INFOPLIST_FILE = Achilles/Info.plist;
				INFOPLIST_KEY_CFBundleDisplayName = ThrowBaks;
				INFOPLIST_KEY_LSApplicationCategoryType = "public.app-category.photography";
				INFOPLIST_KEY_NSPhotoLibraryUsageDescription = "This app needs access to show photos and videos from previous years.";
				INFOPLIST_KEY_UIApplicationSceneManifest_Generation = YES;
				INFOPLIST_KEY_UIApplicationSupportsIndirectInputEvents = YES;
				INFOPLIST_KEY_UILaunchScreen_Generation = YES;
				INFOPLIST_KEY_UISupportedInterfaceOrientations_iPad = "UIInterfaceOrientationPortrait UIInterfaceOrientationPortraitUpsideDown UIInterfaceOrientationLandscapeLeft UIInterfaceOrientationLandscapeRight";
				INFOPLIST_KEY_UISupportedInterfaceOrientations_iPhone = "UIInterfaceOrientationPortrait UIInterfaceOrientationLandscapeLeft UIInterfaceOrientationLandscapeRight";
				LD_RUNPATH_SEARCH_PATHS = (
					"$(inherited)",
					"@executable_path/Frameworks",
				);
				MARKETING_VERSION = 2.3;
				PRODUCT_BUNDLE_IDENTIFIER = plzwork.Achilles;
				PRODUCT_NAME = "$(TARGET_NAME)";
				SWIFT_EMIT_LOC_STRINGS = YES;
				SWIFT_VERSION = 5.0;
				TARGETED_DEVICE_FAMILY = "1,2";
			};
			name = Debug;
		};
		2A8093132D98828000EED088 /* Release */ = {
			isa = XCBuildConfiguration;
			buildSettings = {
				ASSETCATALOG_COMPILER_APPICON_NAME = AppIcon;
				ASSETCATALOG_COMPILER_GLOBAL_ACCENT_COLOR_NAME = AccentColor;
				CODE_SIGN_ENTITLEMENTS = Achilles/Achilles.entitlements;
				CODE_SIGN_STYLE = Automatic;
				CURRENT_PROJECT_VERSION = 12;
				DEVELOPMENT_ASSET_PATHS = "\"Achilles/Preview Content\"";
				DEVELOPMENT_TEAM = 6QNXZ3RS35;
				ENABLE_PREVIEWS = YES;
				GENERATE_INFOPLIST_FILE = YES;
				INFOPLIST_FILE = Achilles/Info.plist;
				INFOPLIST_KEY_CFBundleDisplayName = ThrowBaks;
				INFOPLIST_KEY_LSApplicationCategoryType = "public.app-category.photography";
				INFOPLIST_KEY_NSPhotoLibraryUsageDescription = "This app needs access to show photos and videos from previous years.";
				INFOPLIST_KEY_UIApplicationSceneManifest_Generation = YES;
				INFOPLIST_KEY_UIApplicationSupportsIndirectInputEvents = YES;
				INFOPLIST_KEY_UILaunchScreen_Generation = YES;
				INFOPLIST_KEY_UISupportedInterfaceOrientations_iPad = "UIInterfaceOrientationPortrait UIInterfaceOrientationPortraitUpsideDown UIInterfaceOrientationLandscapeLeft UIInterfaceOrientationLandscapeRight";
				INFOPLIST_KEY_UISupportedInterfaceOrientations_iPhone = "UIInterfaceOrientationPortrait UIInterfaceOrientationLandscapeLeft UIInterfaceOrientationLandscapeRight";
				LD_RUNPATH_SEARCH_PATHS = (
					"$(inherited)",
					"@executable_path/Frameworks",
				);
				MARKETING_VERSION = 2.3;
				PRODUCT_BUNDLE_IDENTIFIER = plzwork.Achilles;
				PRODUCT_NAME = "$(TARGET_NAME)";
				SWIFT_EMIT_LOC_STRINGS = YES;
				SWIFT_VERSION = 5.0;
				TARGETED_DEVICE_FAMILY = "1,2";
			};
			name = Release;
		};
		2A8093152D98828000EED088 /* Debug */ = {
			isa = XCBuildConfiguration;
			buildSettings = {
				BUNDLE_LOADER = "$(TEST_HOST)";
				CODE_SIGN_STYLE = Automatic;
				CURRENT_PROJECT_VERSION = 1;
				DEVELOPMENT_TEAM = 6QNXZ3RS35;
				GENERATE_INFOPLIST_FILE = YES;
				IPHONEOS_DEPLOYMENT_TARGET = 18.2;
				MARKETING_VERSION = 1.0;
				PRODUCT_BUNDLE_IDENTIFIER = plzwork.AchillesTests;
				PRODUCT_NAME = "$(TARGET_NAME)";
				SWIFT_EMIT_LOC_STRINGS = NO;
				SWIFT_VERSION = 5.0;
				TARGETED_DEVICE_FAMILY = "1,2";
				TEST_HOST = "$(BUILT_PRODUCTS_DIR)/Achilles.app/$(BUNDLE_EXECUTABLE_FOLDER_PATH)/Achilles";
			};
			name = Debug;
		};
		2A8093162D98828000EED088 /* Release */ = {
			isa = XCBuildConfiguration;
			buildSettings = {
				BUNDLE_LOADER = "$(TEST_HOST)";
				CODE_SIGN_STYLE = Automatic;
				CURRENT_PROJECT_VERSION = 1;
				DEVELOPMENT_TEAM = 6QNXZ3RS35;
				GENERATE_INFOPLIST_FILE = YES;
				IPHONEOS_DEPLOYMENT_TARGET = 18.2;
				MARKETING_VERSION = 1.0;
				PRODUCT_BUNDLE_IDENTIFIER = plzwork.AchillesTests;
				PRODUCT_NAME = "$(TARGET_NAME)";
				SWIFT_EMIT_LOC_STRINGS = NO;
				SWIFT_VERSION = 5.0;
				TARGETED_DEVICE_FAMILY = "1,2";
				TEST_HOST = "$(BUILT_PRODUCTS_DIR)/Achilles.app/$(BUNDLE_EXECUTABLE_FOLDER_PATH)/Achilles";
			};
			name = Release;
		};
		2A8093182D98828000EED088 /* Debug */ = {
			isa = XCBuildConfiguration;
			buildSettings = {
				CODE_SIGN_STYLE = Automatic;
				CURRENT_PROJECT_VERSION = 1;
				DEVELOPMENT_TEAM = 6QNXZ3RS35;
				GENERATE_INFOPLIST_FILE = YES;
				MARKETING_VERSION = 1.0;
				PRODUCT_BUNDLE_IDENTIFIER = plzwork.AchillesUITests;
				PRODUCT_NAME = "$(TARGET_NAME)";
				SWIFT_EMIT_LOC_STRINGS = NO;
				SWIFT_VERSION = 5.0;
				TARGETED_DEVICE_FAMILY = "1,2";
				TEST_TARGET_NAME = Achilles;
			};
			name = Debug;
		};
		2A8093192D98828000EED088 /* Release */ = {
			isa = XCBuildConfiguration;
			buildSettings = {
				CODE_SIGN_STYLE = Automatic;
				CURRENT_PROJECT_VERSION = 1;
				DEVELOPMENT_TEAM = 6QNXZ3RS35;
				GENERATE_INFOPLIST_FILE = YES;
				MARKETING_VERSION = 1.0;
				PRODUCT_BUNDLE_IDENTIFIER = plzwork.AchillesUITests;
				PRODUCT_NAME = "$(TARGET_NAME)";
				SWIFT_EMIT_LOC_STRINGS = NO;
				SWIFT_VERSION = 5.0;
				TARGETED_DEVICE_FAMILY = "1,2";
				TEST_TARGET_NAME = Achilles;
			};
			name = Release;
		};
/* End XCBuildConfiguration section */

/* Begin XCConfigurationList section */
		2A8092E82D98827F00EED088 /* Build configuration list for PBXProject "Achilles" */ = {
			isa = XCConfigurationList;
			buildConfigurations = (
				2A80930F2D98828000EED088 /* Debug */,
				2A8093102D98828000EED088 /* Release */,
			);
			defaultConfigurationIsVisible = 0;
			defaultConfigurationName = Release;
		};
		2A8093112D98828000EED088 /* Build configuration list for PBXNativeTarget "Achilles" */ = {
			isa = XCConfigurationList;
			buildConfigurations = (
				2A8093122D98828000EED088 /* Debug */,
				2A8093132D98828000EED088 /* Release */,
			);
			defaultConfigurationIsVisible = 0;
			defaultConfigurationName = Release;
		};
		2A8093142D98828000EED088 /* Build configuration list for PBXNativeTarget "AchillesTests" */ = {
			isa = XCConfigurationList;
			buildConfigurations = (
				2A8093152D98828000EED088 /* Debug */,
				2A8093162D98828000EED088 /* Release */,
			);
			defaultConfigurationIsVisible = 0;
			defaultConfigurationName = Release;
		};
		2A8093172D98828000EED088 /* Build configuration list for PBXNativeTarget "AchillesUITests" */ = {
			isa = XCConfigurationList;
			buildConfigurations = (
				2A8093182D98828000EED088 /* Debug */,
				2A8093192D98828000EED088 /* Release */,
			);
			defaultConfigurationIsVisible = 0;
			defaultConfigurationName = Release;
		};
/* End XCConfigurationList section */

/* Begin XCRemoteSwiftPackageReference section */
		2A2F7E052DCA4C700035B532 /* XCRemoteSwiftPackageReference "firebase-ios-sdk" */ = {
			isa = XCRemoteSwiftPackageReference;
			repositoryURL = "https://github.com/firebase/firebase-ios-sdk.git";
			requirement = {
				kind = upToNextMajorVersion;
				minimumVersion = 11.12.0;
			};
		};
		2A953FAA2DD57E720084047E /* XCRemoteSwiftPackageReference "splunk-otel-ios" */ = {
			isa = XCRemoteSwiftPackageReference;
			repositoryURL = "https://github.com/signalfx/splunk-otel-ios";
			requirement = {
				kind = upToNextMajorVersion;
				minimumVersion = 0.12.0;
			};
		};
		2A953FAD2DD580B00084047E /* XCRemoteSwiftPackageReference "splunk-otel-ios-crashreporting" */ = {
			isa = XCRemoteSwiftPackageReference;
			repositoryURL = "https://github.com/signalfx/splunk-otel-ios-crashreporting";
			requirement = {
				kind = upToNextMajorVersion;
				minimumVersion = 0.6.0;
			};
		};
/* End XCRemoteSwiftPackageReference section */

/* Begin XCSwiftPackageProductDependency section */
		2A2F7E062DCA4C700035B532 /* FirebaseAuth */ = {
			isa = XCSwiftPackageProductDependency;
			package = 2A2F7E052DCA4C700035B532 /* XCRemoteSwiftPackageReference "firebase-ios-sdk" */;
			productName = FirebaseAuth;
		};
		2A2F7E082DCA4CBE0035B532 /* FirebaseFirestore */ = {
			isa = XCSwiftPackageProductDependency;
			package = 2A2F7E052DCA4C700035B532 /* XCRemoteSwiftPackageReference "firebase-ios-sdk" */;
			productName = FirebaseFirestore;
		};
		2A2F7E162DCA5B220035B532 /* FirebaseMessaging */ = {
			isa = XCSwiftPackageProductDependency;
			package = 2A2F7E052DCA4C700035B532 /* XCRemoteSwiftPackageReference "firebase-ios-sdk" */;
			productName = FirebaseMessaging;
		};
		2A953FAB2DD57E720084047E /* SplunkOtel */ = {
			isa = XCSwiftPackageProductDependency;
			package = 2A953FAA2DD57E720084047E /* XCRemoteSwiftPackageReference "splunk-otel-ios" */;
			productName = SplunkOtel;
		};
		2A953FAE2DD580B00084047E /* SplunkOtelCrashReporting */ = {
			isa = XCSwiftPackageProductDependency;
			package = 2A953FAD2DD580B00084047E /* XCRemoteSwiftPackageReference "splunk-otel-ios-crashreporting" */;
			productName = SplunkOtelCrashReporting;
		};
/* End XCSwiftPackageProductDependency section */
	};
	rootObject = 2A8092E52D98827F00EED088 /* Project object */;
}
